# THIS IS AN AUTOGENERATED FILE. DO NOT EDIT THIS FILE DIRECTLY.
# yarn lockfile v1


"@material/animation@^0.41.0":
  version "0.41.0"
  resolved "https://registry.yarnpkg.com/@material/animation/-/animation-0.41.0.tgz#315b45b32e1aeebee8a4cf555b8ad52076d09ddd"
  integrity sha512-yYAwJbX3Q2AFd4dr6IYOsWLQy2HN8zWOFVl9AbUXunjzTfJCa/ecfXCriaT6qkmoNoHeTdJHRrsQJZC5GsPvzA==

"@material/base@^0.41.0":
  version "0.41.0"
  resolved "https://registry.yarnpkg.com/@material/base/-/base-0.41.0.tgz#badadce711b4c25b1eb889a5e7581e32cd07c421"
  integrity sha512-tEyzwBRu3d1H120SfKsDVYZHcqT5lKohh/7cWKR93aAaPDkSvjpKJIjyu2yuSkjpDduVZGzVocYbOvhUKhhzXQ==

"@material/elevation@^0.41.0":
  version "0.41.0"
  resolved "https://registry.yarnpkg.com/@material/elevation/-/elevation-0.41.0.tgz#db6b75ea43354fe35936cba2d78c55390faf4e9e"
  integrity sha512-ZtZS8z5ie9c7Cx5PVudgSorGYa0C3lu3dA+Nn6qJdhGUokl01msh54NfNuwk+EZsk65bNRRqw1Td/63TCbKIzg==
  dependencies:
    "@material/animation" "^0.41.0"
    "@material/theme" "^0.41.0"

"@material/fab@^0.41.0":
  version "0.41.0"
  resolved "https://registry.yarnpkg.com/@material/fab/-/fab-0.41.0.tgz#0a1f7efcb315ab303d046dc72402faa0a6fc5303"
  integrity sha512-SY/XhkFqlbT8byz0wVJF6vPoGQQRwcTpA7toK1WexW87tSme8KE17yAGJxsZYzIOOFZqW1xF+aDajWdaWyDZdQ==
  dependencies:
    "@material/animation" "^0.41.0"
    "@material/elevation" "^0.41.0"
    "@material/ripple" "^0.41.0"
    "@material/rtl" "^0.40.1"
    "@material/shape" "^0.41.0"
    "@material/theme" "^0.41.0"
    "@material/typography" "^0.41.0"

"@material/ripple@^0.41.0":
  version "0.41.0"
  resolved "https://registry.yarnpkg.com/@material/ripple/-/ripple-0.41.0.tgz#73dbb9bf0e1d72382926b39f2527c011e689dde2"
  integrity sha512-rxEUVWM4AByDlTCH0kkthZQmUuY6eeN0X6cOHBoioFN2vUDk0D0Nfzz/N9FF2AlAf8C2lDDLrTuqnJPVIn+NHA==
  dependencies:
    "@material/animation" "^0.41.0"
    "@material/base" "^0.41.0"
    "@material/theme" "^0.41.0"

"@material/rtl@^0.40.1":
  version "0.40.1"
  resolved "https://registry.yarnpkg.com/@material/rtl/-/rtl-0.40.1.tgz#5b0d973e3c6f8e2ea3656c06ada37ba2fedfa206"
  integrity sha512-Pk6Iw1/KrhWZoZtkDsPMDUW0bm7Z1zeXb3MTQRCFmjf1wU5cRxgOTtuoZLcJqlcKGppLAzJL/TJV3E7KEiuL0A==

"@material/shape@^0.41.0":
  version "0.41.0"
  resolved "https://registry.yarnpkg.com/@material/shape/-/shape-0.41.0.tgz#2b1cb9a9e1240965ae25a107bbd6e29ca0257583"
  integrity sha512-k1K3CjOVxclfb/0r28cOa2oJpP7QMA2fP0SOS3Vh8ale5Q2jkaHTL60KX8VkHvV6rMqShpXW+60gPjoz5XRbDQ==

"@material/theme@^0.41.0":
  version "0.41.0"
  resolved "https://registry.yarnpkg.com/@material/theme/-/theme-0.41.0.tgz#4f8252a872b17845cc661b867cbbf54e51a26759"
  integrity sha512-ohW2JxObKOWvP34EkIIcrEVtL3g0Gs/T3/MdOsM36euyshY8Jwl1f6fjVUQvVjSpixUtSb30/+ulblF8fTOwBg==

"@material/typography@^0.41.0":
  version "0.41.0"
  resolved "https://registry.yarnpkg.com/@material/typography/-/typography-0.41.0.tgz#645e0199bdba6b09d935352ab2095d07c33ec395"
  integrity sha512-15dlqSU+9uGcWdg4KXXcmDzTKJPb7/5Z9kmooONb2Laot1uiuntDXQS0yL+U2FYLW5Ros+WVMosDBKFruWx68A==
